{
    "_readme": [
        "This file locks the dependencies of your project to a known state",
        "Read more about it at https://getcomposer.org/doc/01-basic-usage.md#installing-dependencies",
        "This file is @generated automatically"
    ],
    "content-hash": "7f2390243609df9abf0101b003754973",
    "packages": [
        {
            "name": "phpstan/phpstan",
            "version": "1.10.5",
            "source": {
                "type": "git",
                "url": "https://github.com/phpstan/phpstan.git",
                "reference": "1fb6f494d82455151ecf15c5c191923f5d84324e"
            },
            "dist": {
                "type": "zip",
                "url": "https://api.github.com/repos/phpstan/phpstan/zipball/1fb6f494d82455151ecf15c5c191923f5d84324e",
                "reference": "1fb6f494d82455151ecf15c5c191923f5d84324e",
                "shasum": ""
            },
            "require": {
                "php": "^7.2|^8.0"
            },
            "conflict": {
                "phpstan/phpstan-shim": "*"
            },
            "bin": [
                "phpstan",
                "phpstan.phar"
            ],
            "type": "library",
            "autoload": {
                "files": [
                    "bootstrap.php"
                ]
            },
            "notification-url": "https://packagist.org/downloads/",
            "license": [
                "MIT"
            ],
            "description": "PHPStan - PHP Static Analysis Tool",
            "keywords": [
                "dev",
                "static analysis"
            ],
            "support": {
                "issues": "https://github.com/phpstan/phpstan/issues",
                "source": "https://github.com/phpstan/phpstan/tree/1.10.5"
            },
            "funding": [
                {
                    "url": "https://github.com/ondrejmirtes",
                    "type": "github"
                },
                {
                    "url": "https://github.com/phpstan",
                    "type": "github"
                },
                {
                    "url": "https://tidelift.com/funding/github/packagist/phpstan/phpstan",
                    "type": "tidelift"
                }
            ],
            "time": "2023-03-07T16:48:45+00:00"
        },
        {
            "name": "phpstan/phpstan-deprecation-rules",
            "version": "1.1.2",
            "source": {
                "type": "git",
                "url": "https://github.com/phpstan/phpstan-deprecation-rules.git",
                "reference": "bcc1e8cdf81c3da1a2ba9188ee94cd7e2a62e865"
            },
            "dist": {
                "type": "zip",
                "url": "https://api.github.com/repos/phpstan/phpstan-deprecation-rules/zipball/bcc1e8cdf81c3da1a2ba9188ee94cd7e2a62e865",
                "reference": "bcc1e8cdf81c3da1a2ba9188ee94cd7e2a62e865",
                "shasum": ""
            },
            "require": {
                "php": "^7.2 || ^8.0",
                "phpstan/phpstan": "^1.10"
            },
            "require-dev": {
                "php-parallel-lint/php-parallel-lint": "^1.2",
                "phpstan/phpstan-php-parser": "^1.1",
                "phpstan/phpstan-phpunit": "^1.0",
                "phpunit/phpunit": "^9.5"
            },
            "type": "phpstan-extension",
            "extra": {
                "phpstan": {
                    "includes": [
                        "rules.neon"
                    ]
                }
            },
            "autoload": {
                "psr-4": {
                    "PHPStan\\": "src/"
                }
            },
            "notification-url": "https://packagist.org/downloads/",
            "license": [
                "MIT"
            ],
            "description": "PHPStan rules for detecting usage of deprecated classes, methods, properties, constants and traits.",
            "support": {
                "issues": "https://github.com/phpstan/phpstan-deprecation-rules/issues",
                "source": "https://github.com/phpstan/phpstan-deprecation-rules/tree/1.1.2"
            },
            "time": "2023-01-17T16:14:21+00:00"
        },
        {
            "name": "phpstan/phpstan-doctrine",
            "version": "1.3.33",
            "source": {
                "type": "git",
                "url": "https://github.com/phpstan/phpstan-doctrine.git",
                "reference": "fcb67c2a747300ff8e6ae278191f6ff79fc90370"
            },
            "dist": {
                "type": "zip",
                "url": "https://api.github.com/repos/phpstan/phpstan-doctrine/zipball/fcb67c2a747300ff8e6ae278191f6ff79fc90370",
                "reference": "fcb67c2a747300ff8e6ae278191f6ff79fc90370",
                "shasum": ""
            },
            "require": {
                "php": "^7.2 || ^8.0",
                "phpstan/phpstan": "^1.10"
            },
            "conflict": {
                "doctrine/collections": "<1.0",
                "doctrine/common": "<2.7",
                "doctrine/mongodb-odm": "<1.2",
                "doctrine/orm": "<2.5",
                "doctrine/persistence": "<1.3"
            },
            "require-dev": {
                "composer/semver": "^3.3.2",
                "doctrine/annotations": "^1.11.0",
                "doctrine/collections": "^1.6",
                "doctrine/common": "^2.7 || ^3.0",
                "doctrine/dbal": "^2.13.8 || ^3.3.3",
                "doctrine/lexer": "^1.2.1",
                "doctrine/mongodb-odm": "^1.3 || ^2.1",
                "doctrine/orm": "^2.11.0",
                "doctrine/persistence": "^1.3.8 || ^2.2.1",
                "gedmo/doctrine-extensions": "^3.8",
                "nesbot/carbon": "^2.49",
                "nikic/php-parser": "^4.13.2",
                "php-parallel-lint/php-parallel-lint": "^1.2",
                "phpstan/phpstan-phpunit": "^1.0",
                "phpstan/phpstan-strict-rules": "^1.0",
                "phpunit/phpunit": "^9.5.10",
                "ramsey/uuid-doctrine": "^1.5.0",
                "symfony/cache": "^4.4.35"
            },
            "type": "phpstan-extension",
            "extra": {
                "phpstan": {
                    "includes": [
                        "extension.neon",
                        "rules.neon"
                    ]
                }
            },
            "autoload": {
                "psr-4": {
                    "PHPStan\\": "src/"
                }
            },
            "notification-url": "https://packagist.org/downloads/",
            "license": [
                "MIT"
            ],
            "description": "Doctrine extensions for PHPStan",
            "support": {
                "issues": "https://github.com/phpstan/phpstan-doctrine/issues",
                "source": "https://github.com/phpstan/phpstan-doctrine/tree/1.3.33"
            },
            "time": "2023-02-21T08:52:52+00:00"
        },
        {
            "name": "phpstan/phpstan-symfony",
            "version": "1.2.23",
            "source": {
                "type": "git",
                "url": "https://github.com/phpstan/phpstan-symfony.git",
                "reference": "8a8d0538ca943b20beda7e9799e14fb3683262d4"
            },
            "dist": {
                "type": "zip",
                "url": "https://api.github.com/repos/phpstan/phpstan-symfony/zipball/8a8d0538ca943b20beda7e9799e14fb3683262d4",
                "reference": "8a8d0538ca943b20beda7e9799e14fb3683262d4",
                "shasum": ""
            },
            "require": {
                "ext-simplexml": "*",
                "php": "^7.2 || ^8.0",
                "phpstan/phpstan": "^1.9.4"
            },
            "conflict": {
                "symfony/framework-bundle": "<3.0"
            },
            "require-dev": {
                "nikic/php-parser": "^4.13.0",
                "php-parallel-lint/php-parallel-lint": "^1.2",
                "phpstan/phpstan-phpunit": "^1.0",
                "phpstan/phpstan-strict-rules": "^1.0",
                "phpunit/phpunit": "^9.5",
                "psr/container": "1.0 || 1.1.1",
                "symfony/config": "^5.4 || ^6.1",
                "symfony/console": "^5.4 || ^6.1",
                "symfony/dependency-injection": "^5.4 || ^6.1",
                "symfony/form": "^5.4 || ^6.1",
                "symfony/framework-bundle": "^5.4 || ^6.1",
                "symfony/http-foundation": "^5.4 || ^6.1",
                "symfony/messenger": "^5.4",
                "symfony/polyfill-php80": "^1.24",
                "symfony/serializer": "^5.4"
            },
            "type": "phpstan-extension",
            "extra": {
                "phpstan": {
                    "includes": [
                        "extension.neon",
                        "rules.neon"
                    ]
                }
            },
            "autoload": {
                "psr-4": {
                    "PHPStan\\": "src/"
                }
            },
            "notification-url": "https://packagist.org/downloads/",
            "license": [
                "MIT"
            ],
            "authors": [
                {
                    "name": "Lukáš Unger",
                    "email": "looky.msc@gmail.com",
                    "homepage": "https://lookyman.net"
                }
            ],
            "description": "Symfony Framework extensions and rules for PHPStan",
            "support": {
                "issues": "https://github.com/phpstan/phpstan-symfony/issues",
                "source": "https://github.com/phpstan/phpstan-symfony/tree/1.2.23"
            },
            "time": "2023-02-06T10:42:02+00:00"
        },
        {
            "name": "phpstan/phpstan-webmozart-assert",
            "version": "1.2.4",
            "source": {
                "type": "git",
                "url": "https://github.com/phpstan/phpstan-webmozart-assert.git",
                "reference": "d1ff28697bd4e1c9ef5d3f871367ce9092871fec"
            },
            "dist": {
                "type": "zip",
                "url": "https://api.github.com/repos/phpstan/phpstan-webmozart-assert/zipball/d1ff28697bd4e1c9ef5d3f871367ce9092871fec",
                "reference": "d1ff28697bd4e1c9ef5d3f871367ce9092871fec",
                "shasum": ""
            },
            "require": {
                "php": "^7.2 || ^8.0",
                "phpstan/phpstan": "^1.10"
            },
            "require-dev": {
                "nikic/php-parser": "^4.13.0",
                "php-parallel-lint/php-parallel-lint": "^1.2",
                "phpstan/phpstan-deprecation-rules": "^1.1",
                "phpstan/phpstan-phpunit": "^1.0",
                "phpstan/phpstan-strict-rules": "^1.0",
                "phpunit/phpunit": "^9.5",
                "webmozart/assert": "^1.11.0"
            },
            "type": "phpstan-extension",
            "extra": {
                "phpstan": {
                    "includes": [
                        "extension.neon"
                    ]
                }
            },
            "autoload": {
                "psr-4": {
                    "PHPStan\\": "src/"
                }
            },
            "notification-url": "https://packagist.org/downloads/",
            "license": [
                "MIT"
            ],
            "description": "PHPStan webmozart/assert extension",
            "support": {
                "issues": "https://github.com/phpstan/phpstan-webmozart-assert/issues",
                "source": "https://github.com/phpstan/phpstan-webmozart-assert/tree/1.2.4"
            },
            "time": "2023-02-21T20:34:19+00:00"
        }
    ],
    "packages-dev": [],
    "aliases": [],
    "minimum-stability": "stable",
    "stability-flags": [],
    "prefer-stable": false,
    "prefer-lowest": false,
    "platform": [],
    "platform-dev": [],
    "plugin-api-version": "2.3.0"
}
