{
    "_readme": [
        "This file locks the dependencies of your project to a known state",
        "Read more about it at https://getcomposer.org/doc/01-basic-usage.md#installing-dependencies",
        "This file is @generated automatically"
    ],
    "content-hash": "7fe8c5c940f672ab0c1ecbc2d55bff9b",
    "packages": [
        {
            "name": "nette/utils",
            "version": "v4.1.5",
            "source": {
                "type": "git",
                "url": "https://github.com/nette/utils.git",
                "reference": "b043439dbdf954e6c28b5ea7e34b0100f83165e0"
            },
            "dist": {
                "type": "zip",
                "url": "https://api.github.com/repos/nette/utils/zipball/b043439dbdf954e6c28b5ea7e34b0100f83165e0",
                "reference": "b043439dbdf954e6c28b5ea7e34b0100f83165e0",
                "shasum": ""
            },
            "require": {
                "php": "8.2 - 8.5"
            },
            "conflict": {
                "nette/finder": "<3",
                "nette/schema": "<1.2.2"
            },
            "require-dev": {
                "jetbrains/phpstorm-attributes": "^1.2",
                "nette/phpstan-rules": "^1.0",
                "nette/tester": "^2.5",
                "phpstan/extension-installer": "^1.4@stable",
                "phpstan/phpstan": "^2.1@stable",
                "tracy/tracy": "^2.9"
            },
            "suggest": {
                "ext-gd": "to use Image",
                "ext-iconv": "to use Strings::chr(), ord() and reverse()",
                "ext-intl": "to use Strings::webalize(), toAscii(), normalize() and compare()",
                "ext-json": "to use Nette\\Utils\\Json",
                "ext-mbstring": "to use Strings::lower() etc...",
                "ext-tokenizer": "to use Nette\\Utils\\Reflection::getUseStatements()"
            },
            "type": "library",
            "extra": {
                "branch-alias": {
                    "dev-master": "4.1-dev"
                }
            },
            "autoload": {
                "psr-4": {
                    "Nette\\": "src"
                },
                "classmap": [
                    "src/"
                ]
            },
            "notification-url": "https://packagist.org/downloads/",
            "license": [
                "BSD-3-Clause",
                "GPL-2.0-only",
                "GPL-3.0-only"
            ],
            "authors": [
                {
                    "name": "David Grudl",
                    "homepage": "https://davidgrudl.com"
                },
                {
                    "name": "Nette Community",
                    "homepage": "https://nette.org/contributors"
                }
            ],
            "description": "🛠  Nette Utils: lightweight utilities for string & array manipulation, image handling, safe JSON encoding/decoding, validation, slug or strong password generating etc.",
            "homepage": "https://nette.org",
            "keywords": [
                "array",
                "core",
                "datetime",
                "images",
                "json",
                "nette",
                "paginator",
                "password",
                "slugify",
                "string",
                "unicode",
                "utf-8",
                "utility",
                "validation"
            ],
            "support": {
                "issues": "https://github.com/nette/utils/issues",
                "source": "https://github.com/nette/utils/tree/v4.1.5"
            },
            "time": "2026-07-17T23:02:45+00:00"
        },
        {
            "name": "nikic/php-parser",
            "version": "v5.9.0",
            "source": {
                "type": "git",
                "url": "https://github.com/nikic/PHP-Parser.git",
                "reference": "9e33da9553fe7786f0962b35f4e4ecf01be89def"
            },
            "dist": {
                "type": "zip",
                "url": "https://api.github.com/repos/nikic/PHP-Parser/zipball/9e33da9553fe7786f0962b35f4e4ecf01be89def",
                "reference": "9e33da9553fe7786f0962b35f4e4ecf01be89def",
                "shasum": ""
            },
            "require": {
                "ext-json": "*",
                "ext-tokenizer": "*",
                "php": ">=7.4"
            },
            "require-dev": {
                "ircmaxell/php-yacc": "^0.0.7",
                "phpunit/phpunit": "^9.0"
            },
            "bin": [
                "bin/php-parse"
            ],
            "type": "library",
            "extra": {
                "branch-alias": {
                    "dev-master": "5.x-dev"
                }
            },
            "autoload": {
                "psr-4": {
                    "PhpParser\\": "lib/PhpParser"
                }
            },
            "notification-url": "https://packagist.org/downloads/",
            "license": [
                "BSD-3-Clause"
            ],
            "authors": [
                {
                    "name": "Nikita Popov"
                }
            ],
            "description": "A PHP parser written in PHP",
            "keywords": [
                "parser",
                "php"
            ],
            "support": {
                "issues": "https://github.com/nikic/PHP-Parser/issues",
                "source": "https://github.com/nikic/PHP-Parser/tree/v5.9.0"
            },
            "time": "2026-09-13T18:51:52+00:00"
        },
        {
            "name": "phpstan/phpdoc-parser",
            "version": "2.3.6",
            "source": {
                "type": "git",
                "url": "https://github.com/phpstan/phpdoc-parser.git",
                "reference": "1427af4647235b4a73b13940b1f1258d3584f36e"
            },
            "dist": {
                "type": "zip",
                "url": "https://api.github.com/repos/phpstan/phpdoc-parser/zipball/1427af4647235b4a73b13940b1f1258d3584f36e",
                "reference": "1427af4647235b4a73b13940b1f1258d3584f36e",
                "shasum": ""
            },
            "require": {
                "php": "^7.4 || ^8.0"
            },
            "require-dev": {
                "doctrine/annotations": "^2.0",
                "nikic/php-parser": "^5.3.0",
                "php-parallel-lint/php-parallel-lint": "^1.2",
                "phpstan/extension-installer": "^1.0",
                "phpstan/phpstan": "^2.0",
                "phpstan/phpstan-phpunit": "^2.0",
                "phpstan/phpstan-strict-rules": "^2.0",
                "phpunit/phpunit": "^9.6",
                "symfony/process": "^5.2"
            },
            "type": "library",
            "autoload": {
                "psr-4": {
                    "PHPStan\\PhpDocParser\\": [
                        "src/"
                    ]
                }
            },
            "notification-url": "https://packagist.org/downloads/",
            "license": [
                "MIT"
            ],
            "description": "PHPDoc parser with support for nullable, intersection and generic types",
            "support": {
                "issues": "https://github.com/phpstan/phpdoc-parser/issues",
                "source": "https://github.com/phpstan/phpdoc-parser/tree/2.3.6"
            },
            "time": "2026-09-27T20:07:45+00:00"
        },
        {
            "name": "phpstan/phpstan",
            "version": "2.2.17",
            "dist": {
                "type": "zip",
                "url": "https://api.github.com/repos/phpstan/phpstan/zipball/e676a49fa70cee9f5bf6ff4796186b928a08673f",
                "reference": "e676a49fa70cee9f5bf6ff4796186b928a08673f",
                "shasum": ""
            },
            "require": {
                "php": "^7.4|^8.0"
            },
            "conflict": {
                "phpstan/phpstan-shim": "*"
            },
            "bin": [
                "phpstan",
                "phpstan.phar"
            ],
            "type": "library",
            "autoload": {
                "files": [
                    "bootstrap.php"
                ]
            },
            "notification-url": "https://packagist.org/downloads/",
            "license": [
                "MIT"
            ],
            "authors": [
                {
                    "name": "Ondřej Mirtes"
                },
                {
                    "name": "Markus Staab"
                },
                {
                    "name": "Vincent Langlet"
                }
            ],
            "description": "PHPStan - PHP Static Analysis Tool",
            "keywords": [
                "dev",
                "static analysis"
            ],
            "support": {
                "docs": "https://phpstan.org/user-guide/getting-started",
                "forum": "https://github.com/phpstan/phpstan/discussions",
                "issues": "https://github.com/phpstan/phpstan/issues",
                "security": "https://github.com/phpstan/phpstan/security/policy",
                "source": "https://github.com/phpstan/phpstan-src"
            },
            "funding": [
                {
                    "url": "https://github.com/ondrejmirtes",
                    "type": "github"
                },
                {
                    "url": "https://github.com/phpstan",
                    "type": "github"
                }
            ],
            "time": "2026-10-04T19:40:09+00:00"
        },
        {
            "name": "phpstan/phpstan-deprecation-rules",
            "version": "2.0.5",
            "source": {
                "type": "git",
                "url": "https://github.com/phpstan/phpstan-deprecation-rules.git",
                "reference": "67bedd65c24bc72840afc45aed48b1059dd44bec"
            },
            "dist": {
                "type": "zip",
                "url": "https://api.github.com/repos/phpstan/phpstan-deprecation-rules/zipball/67bedd65c24bc72840afc45aed48b1059dd44bec",
                "reference": "67bedd65c24bc72840afc45aed48b1059dd44bec",
                "shasum": ""
            },
            "require": {
                "php": "^7.4 || ^8.0",
                "phpstan/phpstan": "^2.1.39"
            },
            "require-dev": {
                "php-parallel-lint/php-parallel-lint": "^1.2",
                "phpstan/phpstan-phpunit": "^2.0",
                "phpunit/phpunit": "^9.6",
                "shipmonk/name-collision-detector": "^2.1"
            },
            "type": "phpstan-extension",
            "extra": {
                "phpstan": {
                    "includes": [
                        "rules.neon"
                    ]
                }
            },
            "autoload": {
                "psr-4": {
                    "PHPStan\\": "src/"
                }
            },
            "notification-url": "https://packagist.org/downloads/",
            "license": [
                "MIT"
            ],
            "description": "PHPStan rules for detecting usage of deprecated classes, methods, properties, constants and traits.",
            "keywords": [
                "static analysis"
            ],
            "support": {
                "issues": "https://github.com/phpstan/phpstan-deprecation-rules/issues",
                "source": "https://github.com/phpstan/phpstan-deprecation-rules/tree/2.0.5"
            },
            "time": "2026-07-22T06:50:43+00:00"
        },
        {
            "name": "phpstan/phpstan-doctrine",
            "version": "2.0.28",
            "source": {
                "type": "git",
                "url": "https://github.com/phpstan/phpstan-doctrine.git",
                "reference": "b4623954d5ffee6311e4ddbaef65c074ae0f781a"
            },
            "dist": {
                "type": "zip",
                "url": "https://api.github.com/repos/phpstan/phpstan-doctrine/zipball/b4623954d5ffee6311e4ddbaef65c074ae0f781a",
                "reference": "b4623954d5ffee6311e4ddbaef65c074ae0f781a",
                "shasum": ""
            },
            "require": {
                "php": "^7.4 || ^8.0",
                "phpstan/phpstan": "^2.2.2"
            },
            "conflict": {
                "doctrine/collections": "<1.0",
                "doctrine/common": "<2.7",
                "doctrine/mongodb-odm": "<1.2",
                "doctrine/orm": "<2.5",
                "doctrine/persistence": "<1.3"
            },
            "require-dev": {
                "cache/array-adapter": "^1.1",
                "composer/semver": "^3.3.2",
                "cweagans/composer-patches": "^1.7.3",
                "doctrine/annotations": "^2.0",
                "doctrine/collections": "^1.6 || ^2.1",
                "doctrine/common": "^2.7 || ^3.0",
                "doctrine/dbal": "^3.3.8",
                "doctrine/lexer": "^2.0 || ^3.0",
                "doctrine/mongodb-odm": "^2.4.3",
                "doctrine/orm": "^2.16.0",
                "doctrine/persistence": "^2.2.1 || ^3.4.3",
                "gedmo/doctrine-extensions": "^3.8",
                "nesbot/carbon": "^2.49",
                "php-parallel-lint/php-parallel-lint": "^1.2",
                "phpstan/phpstan-deprecation-rules": "^2.0.2",
                "phpstan/phpstan-phpunit": "^2.0.8",
                "phpstan/phpstan-strict-rules": "^2.0",
                "phpunit/phpunit": "^9.6.20",
                "ramsey/uuid": "^4.2",
                "shipmonk/name-collision-detector": "^2.1",
                "symfony/cache": "^5.4",
                "symfony/uid": "^5.4 || ^6.4 || ^7.3"
            },
            "type": "phpstan-extension",
            "extra": {
                "phpstan": {
                    "includes": [
                        "extension.neon",
                        "rules.neon"
                    ]
                }
            },
            "autoload": {
                "psr-4": {
                    "PHPStan\\": "src/"
                }
            },
            "notification-url": "https://packagist.org/downloads/",
            "license": [
                "MIT"
            ],
            "description": "Doctrine extensions for PHPStan",
            "keywords": [
                "static analysis"
            ],
            "support": {
                "issues": "https://github.com/phpstan/phpstan-doctrine/issues",
                "source": "https://github.com/phpstan/phpstan-doctrine/tree/2.0.28"
            },
            "time": "2026-07-13T08:43:43+00:00"
        },
        {
            "name": "phpstan/phpstan-symfony",
            "version": "2.0.20",
            "source": {
                "type": "git",
                "url": "https://github.com/phpstan/phpstan-symfony.git",
                "reference": "53f1a6462dbe71fad36ce054caf5e1b725b740fd"
            },
            "dist": {
                "type": "zip",
                "url": "https://api.github.com/repos/phpstan/phpstan-symfony/zipball/53f1a6462dbe71fad36ce054caf5e1b725b740fd",
                "reference": "53f1a6462dbe71fad36ce054caf5e1b725b740fd",
                "shasum": ""
            },
            "require": {
                "ext-simplexml": "*",
                "php": "^7.4 || ^8.0",
                "phpstan/phpstan": "^2.1.13"
            },
            "conflict": {
                "symfony/framework-bundle": "<3.0"
            },
            "require-dev": {
                "php-parallel-lint/php-parallel-lint": "^1.2",
                "phpstan/phpstan-phpunit": "^2.0.8",
                "phpstan/phpstan-strict-rules": "^2.0",
                "phpunit/phpunit": "^9.6",
                "psr/container": "1.1.2",
                "symfony/config": "^5.4 || ^6.1",
                "symfony/console": "^5.4 || ^6.1",
                "symfony/dependency-injection": "^5.4 || ^6.1",
                "symfony/form": "^5.4 || ^6.1",
                "symfony/framework-bundle": "^5.4 || ^6.1",
                "symfony/http-foundation": "^5.4 || ^6.1",
                "symfony/messenger": "^5.4",
                "symfony/polyfill-php80": "^1.24",
                "symfony/serializer": "^5.4",
                "symfony/service-contracts": "^2.2.0"
            },
            "type": "phpstan-extension",
            "extra": {
                "phpstan": {
                    "includes": [
                        "extension.neon",
                        "rules.neon"
                    ]
                }
            },
            "autoload": {
                "psr-4": {
                    "PHPStan\\": "src/"
                }
            },
            "notification-url": "https://packagist.org/downloads/",
            "license": [
                "MIT"
            ],
            "authors": [
                {
                    "name": "Lukáš Unger",
                    "email": "looky.msc@gmail.com",
                    "homepage": "https://lookyman.net"
                }
            ],
            "description": "Symfony Framework extensions and rules for PHPStan",
            "keywords": [
                "static analysis"
            ],
            "support": {
                "issues": "https://github.com/phpstan/phpstan-symfony/issues",
                "source": "https://github.com/phpstan/phpstan-symfony/tree/2.0.20"
            },
            "time": "2026-06-16T09:17:35+00:00"
        },
        {
            "name": "phpstan/phpstan-webmozart-assert",
            "version": "2.0.0",
            "source": {
                "type": "git",
                "url": "https://github.com/phpstan/phpstan-webmozart-assert.git",
                "reference": "0c641817d2a8f05c7157f92d91986e74d3c8ab0c"
            },
            "dist": {
                "type": "zip",
                "url": "https://api.github.com/repos/phpstan/phpstan-webmozart-assert/zipball/0c641817d2a8f05c7157f92d91986e74d3c8ab0c",
                "reference": "0c641817d2a8f05c7157f92d91986e74d3c8ab0c",
                "shasum": ""
            },
            "require": {
                "php": "^7.4 || ^8.0",
                "phpstan/phpstan": "^2.0"
            },
            "require-dev": {
                "nikic/php-parser": "^5.1",
                "php-parallel-lint/php-parallel-lint": "^1.2",
                "phpstan/phpstan-deprecation-rules": "^2.0",
                "phpstan/phpstan-phpunit": "^2.0",
                "phpstan/phpstan-strict-rules": "^2.0",
                "phpunit/phpunit": "^9.6",
                "webmozart/assert": "^1.11.0"
            },
            "type": "phpstan-extension",
            "extra": {
                "phpstan": {
                    "includes": [
                        "extension.neon"
                    ]
                }
            },
            "autoload": {
                "psr-4": {
                    "PHPStan\\": "src/"
                }
            },
            "notification-url": "https://packagist.org/downloads/",
            "license": [
                "MIT"
            ],
            "description": "PHPStan webmozart/assert extension",
            "support": {
                "issues": "https://github.com/phpstan/phpstan-webmozart-assert/issues",
                "source": "https://github.com/phpstan/phpstan-webmozart-assert/tree/2.0.0"
            },
            "time": "2024-10-14T03:45:26+00:00"
        },
        {
            "name": "symplify/phpstan-rules",
            "version": "14.17.0",
            "source": {
                "type": "git",
                "url": "https://github.com/symplify/phpstan-rules.git",
                "reference": "c6a60f14fa95d5e615cafd121a8a70f739b6d3e4"
            },
            "dist": {
                "type": "zip",
                "url": "https://api.github.com/repos/symplify/phpstan-rules/zipball/c6a60f14fa95d5e615cafd121a8a70f739b6d3e4",
                "reference": "c6a60f14fa95d5e615cafd121a8a70f739b6d3e4",
                "shasum": ""
            },
            "require": {
                "nette/utils": "^4.1",
                "php": "^8.4",
                "phpstan/phpdoc-parser": "^2.3.5",
                "phpstan/phpstan": "^2.2.14",
                "webmozart/assert": "^2.4"
            },
            "require-dev": {
                "illuminate/container": "^11.51",
                "nette/neon": "^3.4",
                "nikic/php-parser": "^5.9",
                "phpstan/extension-installer": "^1.4",
                "phpunit/phpunit": "^13.3",
                "rector/jack": "^1.1",
                "rector/rector": "^2.6.7",
                "shipmonk/composer-dependency-analyser": "^1.8",
                "symfony/framework-bundle": "^6.4",
                "symplify/easy-coding-standard": "^13.3",
                "tomasvotruba/class-leak": "^2.2",
                "tomasvotruba/type-coverage": "^2.3",
                "tomasvotruba/unused-public": "^2.2"
            },
            "type": "phpstan-extension",
            "extra": {
                "phpstan": {
                    "includes": [
                        "config/services/services.neon",
                        "config/naming-rules.neon",
                        "config/code-complexity-rules.neon",
                        "config/configurable-rules.neon",
                        "config/static-rules.neon",
                        "config/symfony-rules.neon",
                        "config/symfony-config-rules.neon",
                        "config/doctrine-rules.neon",
                        "config/phpunit-rules.neon",
                        "config/ctor-rules.neon",
                        "config/mock-rules.neon",
                        "config/phpstan-extensions.neon"
                    ]
                }
            },
            "autoload": {
                "files": [
                    "src/functions/fast-functions.php"
                ],
                "psr-4": {
                    "Symplify\\PHPStanRules\\": "src"
                }
            },
            "notification-url": "https://packagist.org/downloads/",
            "license": [
                "MIT"
            ],
            "description": "Set of Symplify rules, type extensions and error formatter for PHPStan",
            "support": {
                "issues": "https://github.com/symplify/phpstan-rules/issues",
                "source": "https://github.com/symplify/phpstan-rules/tree/14.17.0"
            },
            "funding": [
                {
                    "url": "https://www.paypal.me/rectorphp",
                    "type": "custom"
                },
                {
                    "url": "https://github.com/tomasvotruba",
                    "type": "github"
                }
            ],
            "time": "2026-09-24T21:33:45+00:00"
        },
        {
            "name": "tomasvotruba/cognitive-complexity",
            "version": "1.3.0",
            "source": {
                "type": "git",
                "url": "https://github.com/TomasVotruba/cognitive-complexity.git",
                "reference": "3315ff25b2011ef1065277521744eba28769af09"
            },
            "dist": {
                "type": "zip",
                "url": "https://api.github.com/repos/TomasVotruba/cognitive-complexity/zipball/3315ff25b2011ef1065277521744eba28769af09",
                "reference": "3315ff25b2011ef1065277521744eba28769af09",
                "shasum": ""
            },
            "require": {
                "nikic/php-parser": "^5.3",
                "php": ">=7.4",
                "phpstan/phpstan": "^2.0"
            },
            "require-dev": {
                "php-parallel-lint/php-parallel-lint": "^1.4",
                "phpstan/extension-installer": "^1.4",
                "phpstan/phpstan-deprecation-rules": "^2.0",
                "phpunit/phpunit": "^13.3",
                "rector/jack": "^1.1",
                "rector/rector": "^2.6",
                "symplify/easy-coding-standard": "^13.3",
                "symplify/phpstan-rules": "^14.17",
                "tomasvotruba/type-coverage": "^2.3",
                "tomasvotruba/unused-public": "^2.2",
                "tracy/tracy": "^2.12"
            },
            "type": "phpstan-extension",
            "extra": {
                "phpstan": {
                    "includes": [
                        "config/extension.neon"
                    ]
                }
            },
            "autoload": {
                "psr-4": {
                    "TomasVotruba\\CognitiveComplexity\\": "src"
                }
            },
            "notification-url": "https://packagist.org/downloads/",
            "license": [
                "MIT"
            ],
            "description": "PHPStan rules to measure cognitive complexity of your classes and methods",
            "support": {
                "issues": "https://github.com/TomasVotruba/cognitive-complexity/issues",
                "source": "https://github.com/TomasVotruba/cognitive-complexity/tree/1.3.0"
            },
            "funding": [
                {
                    "url": "https://www.paypal.me/rectorphp",
                    "type": "custom"
                },
                {
                    "url": "https://github.com/tomasvotruba",
                    "type": "github"
                }
            ],
            "time": "2026-09-29T20:40:25+00:00"
        },
        {
            "name": "webmozart/assert",
            "version": "2.4.1",
            "source": {
                "type": "git",
                "url": "https://github.com/webmozarts/assert.git",
                "reference": "2ccb7c2e821038c03a3e6e1700c570c158c55f70"
            },
            "dist": {
                "type": "zip",
                "url": "https://api.github.com/repos/webmozarts/assert/zipball/2ccb7c2e821038c03a3e6e1700c570c158c55f70",
                "reference": "2ccb7c2e821038c03a3e6e1700c570c158c55f70",
                "shasum": ""
            },
            "require": {
                "ext-ctype": "*",
                "ext-date": "*",
                "ext-filter": "*",
                "php": "^8.2"
            },
            "suggest": {
                "ext-intl": "",
                "ext-simplexml": "",
                "ext-spl": ""
            },
            "type": "library",
            "extra": {
                "psalm": {
                    "pluginClass": "Webmozart\\Assert\\PsalmPlugin"
                },
                "branch-alias": {
                    "dev-master": "2.0-dev",
                    "dev-feature/2-0": "2.0-dev"
                }
            },
            "autoload": {
                "psr-4": {
                    "Webmozart\\Assert\\": "src/"
                }
            },
            "notification-url": "https://packagist.org/downloads/",
            "license": [
                "MIT"
            ],
            "authors": [
                {
                    "name": "Bernhard Schussek",
                    "email": "bschussek@gmail.com"
                },
                {
                    "name": "Woody Gilk",
                    "email": "woody.gilk@gmail.com"
                }
            ],
            "description": "Assertions to validate method input/output with nice error messages.",
            "keywords": [
                "assert",
                "check",
                "validate"
            ],
            "support": {
                "issues": "https://github.com/webmozarts/assert/issues",
                "source": "https://github.com/webmozarts/assert/tree/2.4.1"
            },
            "time": "2026-06-15T15:31:57+00:00"
        }
    ],
    "packages-dev": [],
    "aliases": [],
    "minimum-stability": "stable",
    "stability-flags": {},
    "prefer-stable": false,
    "prefer-lowest": false,
    "platform": {},
    "platform-dev": {},
    "plugin-api-version": "2.9.0"
}
